
Microsoft Visual Studio Solution File, Format Version 12.00
# Visual Studio Version 16
VisualStudioVersion = 16.0.30804.86
MinimumVisualStudioVersion = 10.0.40219.1
Project("{FAE04EC0-301F-11D3-BF4B-00C04F79EFBC}") = "Chuong4", "Chuong4.csproj", "{9FECC883-B97B-4FE5-A1C2-4420A58B5737}"
EndProject
Global
	GlobalSection(SolutionConfigurationPlatforms) = preSolution
		Debug|Any CPU = Debug|Any CPU
		Release|Any CPU = Release|Any CPU
	EndGlobalSection
	GlobalSection(ProjectConfigurationPlatforms) = postSolution
		{9FECC883-B97B-4FE5-A1C2-4420A58B5737}.Debug|Any CPU.ActiveCfg = Debug|Any CPU
		{9FECC883-B97B-4FE5-A1C2-4420A58B5737}.Debug|Any CPU.Build.0 = Debug|Any CPU
		{9FECC883-B97B-4FE5-A1C2-4420A58B5737}.Release|Any CPU.ActiveCfg = Release|Any CPU
		{9FECC883-B97B-4FE5-A1C2-4420A58B5737}.Release|Any CPU.Build.0 = Release|Any CPU
	EndGlobalSection
	GlobalSection(SolutionProperties) = preSolution
		HideSolutionNode = FALSE
	EndGlobalSection
	GlobalSection(ExtensibilityGlobals) = postSolution
		SolutionGuid = {E370665E-5547-4010-B1B4-B42A4F58A177}
	EndGlobalSection
EndGlobal
