
Microsoft Visual Studio Solution File, Format Version 12.00
# Visual Studio Version 16
VisualStudioVersion = 16.0.30804.86
MinimumVisualStudioVersion = 10.0.40219.1
Project("{FAE04EC0-301F-11D3-BF4B-00C04F79EFBC}") = "Chung 4 Control panel", "Chung 4 Control panel.csproj", "{5B3279B7-6F8D-4DE5-860E-C33314EB63EC}"
EndProject
Global
	GlobalSection(SolutionConfigurationPlatforms) = preSolution
		Debug|Any CPU = Debug|Any CPU
		Release|Any CPU = Release|Any CPU
	EndGlobalSection
	GlobalSection(ProjectConfigurationPlatforms) = postSolution
		{5B3279B7-6F8D-4DE5-860E-C33314EB63EC}.Debug|Any CPU.ActiveCfg = Debug|Any CPU
		{5B3279B7-6F8D-4DE5-860E-C33314EB63EC}.Debug|Any CPU.Build.0 = Debug|Any CPU
		{5B3279B7-6F8D-4DE5-860E-C33314EB63EC}.Release|Any CPU.ActiveCfg = Release|Any CPU
		{5B3279B7-6F8D-4DE5-860E-C33314EB63EC}.Release|Any CPU.Build.0 = Release|Any CPU
	EndGlobalSection
	GlobalSection(SolutionProperties) = preSolution
		HideSolutionNode = FALSE
	EndGlobalSection
	GlobalSection(ExtensibilityGlobals) = postSolution
		SolutionGuid = {31844B7A-7801-4214-9463-CD6286B93CF6}
	EndGlobalSection
EndGlobal
